{
  "name": "demo",
  "lockfileVersion": 3,
  "requires": true,
  "packages": {
    "": {
      "dependencies": {
        "tokens": "file:../../dist/tokens"
      }
    },
    "../../dist/tokens": {
      "version": "0.0.1",
      "dependencies": {
        "tslib": "^2.3.0"
      },
      "peerDependencies": {
        "@angular/common": "^21.0.0",
        "@angular/core": "^21.0.0"
      }
    },
    "node_modules/tokens": {
      "resolved": "../../dist/tokens",
      "link": true
    }
  }
}
